
Microsoft Visual Studio Solution File, Format Version 12.00
# Visual Studio 15
VisualStudioVersion = 15.0.27703.2026
MinimumVisualStudioVersion = 10.0.40219.1
Project("{FAE04EC0-301F-11D3-BF4B-00C04F79EFBC}") = "Knom.TimeBox", "Knom.TimeBox\Knom.TimeBox.csproj", "{3FF32FCD-DD37-41C7-9E3C-1AEFAB2DE128}"
EndProject
Project("{FAE04EC0-301F-11D3-BF4B-00C04F79EFBC}") = "SampleApp", "SampleApp\SampleApp.csproj", "{A0032E29-6466-48F7-830B-011BEDE2CB86}"
EndProject
Global
	GlobalSection(SolutionConfigurationPlatforms) = preSolution
		Debug|Any CPU = Debug|Any CPU
		Release|Any CPU = Release|Any CPU
	EndGlobalSection
	GlobalSection(ProjectConfigurationPlatforms) = postSolution
		{3FF32FCD-DD37-41C7-9E3C-1AEFAB2DE128}.Debug|Any CPU.ActiveCfg = Debug|Any CPU
		{3FF32FCD-DD37-41C7-9E3C-1AEFAB2DE128}.Debug|Any CPU.Build.0 = Debug|Any CPU
		{3FF32FCD-DD37-41C7-9E3C-1AEFAB2DE128}.Release|Any CPU.ActiveCfg = Release|Any CPU
		{3FF32FCD-DD37-41C7-9E3C-1AEFAB2DE128}.Release|Any CPU.Build.0 = Release|Any CPU
		{A0032E29-6466-48F7-830B-011BEDE2CB86}.Debug|Any CPU.ActiveCfg = Debug|Any CPU
		{A0032E29-6466-48F7-830B-011BEDE2CB86}.Debug|Any CPU.Build.0 = Debug|Any CPU
		{A0032E29-6466-48F7-830B-011BEDE2CB86}.Release|Any CPU.ActiveCfg = Release|Any CPU
		{A0032E29-6466-48F7-830B-011BEDE2CB86}.Release|Any CPU.Build.0 = Release|Any CPU
	EndGlobalSection
	GlobalSection(SolutionProperties) = preSolution
		HideSolutionNode = FALSE
	EndGlobalSection
	GlobalSection(ExtensibilityGlobals) = postSolution
		SolutionGuid = {C34B38F6-F26E-4AD4-AC3D-73B3A751921E}
	EndGlobalSection
EndGlobal
